
Microsoft Visual Studio Solution File, Format Version 12.00
# Visual Studio Version 16
VisualStudioVersion = 16.0.29519.87
MinimumVisualStudioVersion = 10.0.40219.1
Project("{FAE04EC0-301F-11D3-BF4B-00C04F79EFBC}") = "HelloApp", "HelloApp.csproj", "{2D7A5870-8BC9-4965-9A81-69E97FD8A04E}"
EndProject
Global
	GlobalSection(SolutionConfigurationPlatforms) = preSolution
		Debug|Any CPU = Debug|Any CPU
		Release|Any CPU = Release|Any CPU
	EndGlobalSection
	GlobalSection(ProjectConfigurationPlatforms) = postSolution
		{2D7A5870-8BC9-4965-9A81-69E97FD8A04E}.Debug|Any CPU.ActiveCfg = Debug|Any CPU
		{2D7A5870-8BC9-4965-9A81-69E97FD8A04E}.Debug|Any CPU.Build.0 = Debug|Any CPU
		{2D7A5870-8BC9-4965-9A81-69E97FD8A04E}.Release|Any CPU.ActiveCfg = Release|Any CPU
		{2D7A5870-8BC9-4965-9A81-69E97FD8A04E}.Release|Any CPU.Build.0 = Release|Any CPU
	EndGlobalSection
	GlobalSection(SolutionProperties) = preSolution
		HideSolutionNode = FALSE
	EndGlobalSection
	GlobalSection(ExtensibilityGlobals) = postSolution
		SolutionGuid = {B3AAEB2F-5A67-4788-99AF-1EA7FB07E837}
	EndGlobalSection
EndGlobal
